
Microsoft Visual Studio Solution File, Format Version 11.00
# Visual Studio 2010
# SharpDevelop 4.4
Project("{FAE04EC0-301F-11D3-BF4B-00C04F79EFBC}") = "lib1", "lib1\lib1.csproj", "{B283D438-6EEC-458D-8BE9-A51F3EF06D2C}"
EndProject
Global
	GlobalSection(SolutionConfigurationPlatforms) = preSolution
		Debug|Any CPU = Debug|Any CPU
		Release|Any CPU = Release|Any CPU
	EndGlobalSection
	GlobalSection(ProjectConfigurationPlatforms) = postSolution
		{B283D438-6EEC-458D-8BE9-A51F3EF06D2C}.Debug|Any CPU.Build.0 = Debug|Any CPU
		{B283D438-6EEC-458D-8BE9-A51F3EF06D2C}.Debug|Any CPU.ActiveCfg = Debug|Any CPU
		{B283D438-6EEC-458D-8BE9-A51F3EF06D2C}.Release|Any CPU.Build.0 = Release|Any CPU
		{B283D438-6EEC-458D-8BE9-A51F3EF06D2C}.Release|Any CPU.ActiveCfg = Release|Any CPU
	EndGlobalSection
EndGlobal
